
Microsoft Visual Studio Solution File, Format Version 12.00
# Visual Studio 15
VisualStudioVersion = 15.0.27703.2035
MinimumVisualStudioVersion = 10.0.40219.1
Project("{FAE04EC0-301F-11D3-BF4B-00C04F79EFBC}") = "ModelFirstDemo", "ModelFirstDemo\ModelFirstDemo.csproj", "{3D4119E6-2C50-40AE-BC63-8D4DD7EDCCB7}"
EndProject
Project("{FAE04EC0-301F-11D3-BF4B-00C04F79EFBC}") = "CodeFirstDemo", "CodeFirstDemo\CodeFirstDemo.csproj", "{7B598986-915D-41AB-AD69-E566DBF18A68}"
EndProject
Project("{FAE04EC0-301F-11D3-BF4B-00C04F79EFBC}") = "SchemaFirstDemo", "SchemaFirstDemo\SchemaFirstDemo.csproj", "{9A5B8B23-482C-458A-B0D6-3FCB7DB41A04}"
EndProject
Global
	GlobalSection(SolutionConfigurationPlatforms) = preSolution
		Debug|Any CPU = Debug|Any CPU
		Release|Any CPU = Release|Any CPU
	EndGlobalSection
	GlobalSection(ProjectConfigurationPlatforms) = postSolution
		{3D4119E6-2C50-40AE-BC63-8D4DD7EDCCB7}.Debug|Any CPU.ActiveCfg = Debug|Any CPU
		{3D4119E6-2C50-40AE-BC63-8D4DD7EDCCB7}.Debug|Any CPU.Build.0 = Debug|Any CPU
		{3D4119E6-2C50-40AE-BC63-8D4DD7EDCCB7}.Release|Any CPU.ActiveCfg = Release|Any CPU
		{3D4119E6-2C50-40AE-BC63-8D4DD7EDCCB7}.Release|Any CPU.Build.0 = Release|Any CPU
		{7B598986-915D-41AB-AD69-E566DBF18A68}.Debug|Any CPU.ActiveCfg = Debug|Any CPU
		{7B598986-915D-41AB-AD69-E566DBF18A68}.Debug|Any CPU.Build.0 = Debug|Any CPU
		{7B598986-915D-41AB-AD69-E566DBF18A68}.Release|Any CPU.ActiveCfg = Release|Any CPU
		{7B598986-915D-41AB-AD69-E566DBF18A68}.Release|Any CPU.Build.0 = Release|Any CPU
		{9A5B8B23-482C-458A-B0D6-3FCB7DB41A04}.Debug|Any CPU.ActiveCfg = Debug|Any CPU
		{9A5B8B23-482C-458A-B0D6-3FCB7DB41A04}.Debug|Any CPU.Build.0 = Debug|Any CPU
		{9A5B8B23-482C-458A-B0D6-3FCB7DB41A04}.Release|Any CPU.ActiveCfg = Release|Any CPU
		{9A5B8B23-482C-458A-B0D6-3FCB7DB41A04}.Release|Any CPU.Build.0 = Release|Any CPU
	EndGlobalSection
	GlobalSection(SolutionProperties) = preSolution
		HideSolutionNode = FALSE
	EndGlobalSection
	GlobalSection(ExtensibilityGlobals) = postSolution
		SolutionGuid = {B93EA017-D05F-4397-BB2A-A7CDED007A89}
	EndGlobalSection
EndGlobal
